{
  "version": "4",
  "remote": {
    "https://deno.land/std@0.183.0/_util/asserts.ts": "178dfc49a464aee693a7e285567b3d0b555dc805ff490505a8aae34f9cfb1462",
    "https://deno.land/std@0.183.0/_util/os.ts": "d932f56d41e4f6a6093d56044e29ce637f8dcc43c5a90af43504a889cf1775e3",
    "https://deno.land/std@0.183.0/path/_constants.ts": "e49961f6f4f48039c0dfed3c3f93e963ca3d92791c9d478ac5b43183413136e0",
    "https://deno.land/std@0.183.0/path/_interface.ts": "6471159dfbbc357e03882c2266d21ef9afdb1e4aa771b0545e90db58a0ba314b",
    "https://deno.land/std@0.183.0/path/_util.ts": "d7abb1e0dea065f427b89156e28cdeb32b045870acdf865833ba808a73b576d0",
    "https://deno.land/std@0.183.0/path/common.ts": "ee7505ab01fd22de3963b64e46cff31f40de34f9f8de1fff6a1bd2fe79380000",
    "https://deno.land/std@0.183.0/path/glob.ts": "d479e0a695621c94d3fd7fe7abd4f9499caf32a8de13f25073451c6ef420a4e1",
    "https://deno.land/std@0.183.0/path/mod.ts": "bf718f19a4fdd545aee1b06409ca0805bd1b68ecf876605ce632e932fe54510c",
    "https://deno.land/std@0.183.0/path/posix.ts": "8b7c67ac338714b30c816079303d0285dd24af6b284f7ad63da5b27372a2c94d",
    "https://deno.land/std@0.183.0/path/separator.ts": "0fb679739d0d1d7bf45b68dacfb4ec7563597a902edbaf3c59b50d5bcadd93b1",
    "https://deno.land/std@0.183.0/path/win32.ts": "d186344e5583bcbf8b18af416d13d82b35a317116e6460a5a3953508c3de5bba",
    "https://deno.land/x/nunjucks@3.2.4/mod.js": "3d7c6c78d98b4d9dedb4317be7898a150854cec270a9faa1ef0a77df549b619a",
    "https://deno.land/x/nunjucks@3.2.4/src/compiler.js": "e3cf39999572239e48ed918dcff3963a0ba75c71cf2b9c40b6d8d383d2f7d5c0",
    "https://deno.land/x/nunjucks@3.2.4/src/deps.js": "dbb729574dbf048d344e4997d0ccb93b22e32b1f9046aaf576af1310d8e9e97f",
    "https://deno.land/x/nunjucks@3.2.4/src/environment.js": "064e89a4ab4c73e94c9084b950636d64eba646bb3862827854f184e0bc3e3467",
    "https://deno.land/x/nunjucks@3.2.4/src/express_app.js": "4519e0f67fa36309a77c37620dacefcc5e82efff286e5b3e59a878f6b5850955",
    "https://deno.land/x/nunjucks@3.2.4/src/filters.js": "5422a05af28c6f97e1417f72cf7fbf53e45f2cdba9e1f1e38475f567cdeaaeb2",
    "https://deno.land/x/nunjucks@3.2.4/src/globals.js": "c8e87dbc7036e1b8a73815ba964c6cc7656225e13d414e6a4daa04b81e5f063d",
    "https://deno.land/x/nunjucks@3.2.4/src/jinja_compat.js": "08581e0096405e74c617395ee14848e5d1a38469df0a3be96966da54ef2dffbc",
    "https://deno.land/x/nunjucks@3.2.4/src/lexer.js": "1f81d737a3453964cadfc695f6be3d35d328f8e31d78e5e922031f9fdc95b210",
    "https://deno.land/x/nunjucks@3.2.4/src/lib.js": "7c43f6a63ec4a239cf2364b137db9a9eb198559879721ad04cf16b1e077ccdf8",
    "https://deno.land/x/nunjucks@3.2.4/src/loader.js": "cd3aa871c0954919b4925c4c17ceb7dcae181a49386dbf71a464f22a002037d9",
    "https://deno.land/x/nunjucks@3.2.4/src/loaders.js": "f802869dbba64e2e5704e25308509420c24af93f6cac1a06e55063f74d4e4b2b",
    "https://deno.land/x/nunjucks@3.2.4/src/node_loaders.js": "63e56e9c3fa4e016257f919f32fc9fb5e21b74cb8ac6e6ae8a1552a4eba7b86d",
    "https://deno.land/x/nunjucks@3.2.4/src/nodes.js": "522375384d38e394888caa8eee947bef339b2feff45ea7fb99c3f66af459eb53",
    "https://deno.land/x/nunjucks@3.2.4/src/object.js": "bc981128f958b306bf854654e0c1a26eb333714df9442bac5e8d59e7575696c0",
    "https://deno.land/x/nunjucks@3.2.4/src/parser.js": "0f5186728eb7778ba0a4d79de81eda1e616cce3c22df3fd649531e77bd1e23a7",
    "https://deno.land/x/nunjucks@3.2.4/src/precompile.js": "7055e7385ac8f7b5fa1d65ce21ad05a1ad144abb9456e9633a137620bfb45bb0",
    "https://deno.land/x/nunjucks@3.2.4/src/precompile_global.js": "9d2a8af44ae9d9f1336e1789afef8fe102558a1fd3abbeec55a0572dce0f7de0",
    "https://deno.land/x/nunjucks@3.2.4/src/precompiled_loader.js": "d951087a9ae3ae96fa24e050d491a9b5fbab3c4c6fae0777fa8309eace198bb3",
    "https://deno.land/x/nunjucks@3.2.4/src/runtime.js": "c56fd7fa1633b8a39e12f7da02c75143c6dd2562f5a50f44017f51551f5fa4bd",
    "https://deno.land/x/nunjucks@3.2.4/src/tests.js": "0f68a51c0be20e82eb033c913bb10bca1fc7eb4fcc603943515aac4608e88999",
    "https://deno.land/x/nunjucks@3.2.4/src/transformer.js": "401e3b1588ea2933883cc43cc329077f5b1a3a5da391f9dfc0a2a63a1a89660c",
    "https://deno.land/x/nunjucks@3.2.4/src/waterfall.js": "4d8878b3ebcf0a1b4bf9e7575e2f30bc6467cb8ee3717b80754c945cde661b9e"
  },
  "workspace": {
    "dependencies": [
      "jsr:@std/assert@1"
    ]
  }
}
